Microsoft Visual Studio Solution File, Format Version 11.00
# Visual Studio 2008

Project("{8546D852-34E0-7A57-08BD-3D09F76D4F0D}") = "Modelling physical systems", "Assembly-CSharp.csproj", "{E976D487-CB86-A9E1-EC78-C540F4147DAF}"
EndProject
Global
	GlobalSection(SolutionConfigurationPlatforms) = preSolution
		Debug|Any CPU = Debug|Any CPU
		Release|Any CPU = Release|Any CPU
	EndGlobalSection
	GlobalSection(ProjectConfigurationPlatforms) = postSolution
		{E976D487-CB86-A9E1-EC78-C540F4147DAF}.Debug|Any CPU.ActiveCfg = Debug|Any CPU
		{E976D487-CB86-A9E1-EC78-C540F4147DAF}.Debug|Any CPU.Build.0 = Debug|Any CPU
		{E976D487-CB86-A9E1-EC78-C540F4147DAF}.Release|Any CPU.ActiveCfg = Release|Any CPU
		{E976D487-CB86-A9E1-EC78-C540F4147DAF}.Release|Any CPU.Build.0 = Release|Any CPU
	EndGlobalSection
	GlobalSection(SolutionProperties) = preSolution
		HideSolutionNode = FALSE
	EndGlobalSection
	GlobalSection(MonoDevelopProperties) = preSolution
		StartupItem = Assembly-CSharp.csproj
	EndGlobalSection
EndGlobal
